<?xml version="1.0" encoding="utf-8"?>
<Project ToolsVersion="4.0" xmlns="http://schemas.microsoft.com/developer/msbuild/2003">
  <ItemGroup>
    <ClCompile Include="main.cpp" />
    <ClCompile Include="ui_fiat.cpp" />
  </ItemGroup>
  <ItemGroup>
    <None Include="ui_fiat.ico" />
  </ItemGroup>
  <ItemGroup>
    <QtRcc Include="ui_fiat.qrc" />
  </ItemGroup>
  <ItemGroup>
    <ResourceCompile Include="ui_fiat.rc" />
  </ItemGroup>
  <ItemGroup>
    <QtMoc Include="ui_fiat.h" />
  </ItemGroup>
  <ItemGroup>
    <QtUic Include="ui_fiat.ui" />
  </ItemGroup>
</Project>
